
Microsoft Visual Studio Solution File, Format Version 12.00
# Visual Studio Version 16
VisualStudioVersion = 16.0.30503.244
MinimumVisualStudioVersion = 10.0.40219.1
Project("{FAE04EC0-301F-11D3-BF4B-00C04F79EFBC}") = "ContactManagerWebApplication.git", "ContactManagerWebApplication.git\ContactManagerWebApplication.git.csproj", "{24388119-3B8E-4605-9514-9BABA2FB15DF}"
EndProject
Global
	GlobalSection(SolutionConfigurationPlatforms) = preSolution
		Debug|Any CPU = Debug|Any CPU
		Release|Any CPU = Release|Any CPU
	EndGlobalSection
	GlobalSection(ProjectConfigurationPlatforms) = postSolution
		{24388119-3B8E-4605-9514-9BABA2FB15DF}.Debug|Any CPU.ActiveCfg = Debug|Any CPU
		{24388119-3B8E-4605-9514-9BABA2FB15DF}.Debug|Any CPU.Build.0 = Debug|Any CPU
		{24388119-3B8E-4605-9514-9BABA2FB15DF}.Release|Any CPU.ActiveCfg = Release|Any CPU
		{24388119-3B8E-4605-9514-9BABA2FB15DF}.Release|Any CPU.Build.0 = Release|Any CPU
	EndGlobalSection
	GlobalSection(SolutionProperties) = preSolution
		HideSolutionNode = FALSE
	EndGlobalSection
	GlobalSection(ExtensibilityGlobals) = postSolution
		SolutionGuid = {A077C01D-DFCF-4796-BF72-EBB1D75E5BD9}
	EndGlobalSection
EndGlobal
